uuid: c836af0a-3297-4aee-94ac-e1b87a9c51dd
langcode: ja
status: true
dependencies:
  config:
    - views.view.taxonomy_term_list
  module:
    - views
  theme:
    - pu10g
id: views_block__taxonomy_term_list_block
theme: pu10g
region: sidebar
weight: -2
provider: null
plugin: 'views_block:taxonomy_term_list-block_1'
settings:
  id: 'views_block:taxonomy_term_list-block_1'
  label: ''
  provider: views
  label_display: visible
  views_label: ''
  items_per_page: none
visibility: {  }
